// !$*UTF8*$!
{
	archiveVersion = 1;
	classes = {
	};
	objectVersion = 56;
	objects = {

/* Begin PBXBuildFile section */
		964A3D612AF642BC00F2BD2D /* E6_TaskGroupBootcamp.swift in Sources */ = {isa = PBXBuildFile; fileRef = 964A3D602AF642BC00F2BD2D /* E6_TaskGroupBootcamp.swift */; };
		966720842AED4DD2007DC3F5 /* E4_TaskBootcamp.swift in Sources */ = {isa = PBXBuildFile; fileRef = 966720832AED4DD2007DC3F5 /* E4_TaskBootcamp.swift */; };
		967C63D82AF9DB8E0069DD12 /* E7_CheckedContinuationBootcamp.swift in Sources */ = {isa = PBXBuildFile; fileRef = 967C63D72AF9DB8E0069DD12 /* E7_CheckedContinuationBootcamp.swift */; };
		96BC8DB32ACB2361004796E7 /* Swift_Concurrency_BootcampApp.swift in Sources */ = {isa = PBXBuildFile; fileRef = 96BC8DB22ACB2361004796E7 /* Swift_Concurrency_BootcampApp.swift */; };
		96BC8DB52ACB2361004796E7 /* ContentView.swift in Sources */ = {isa = PBXBuildFile; fileRef = 96BC8DB42ACB2361004796E7 /* ContentView.swift */; };
		96BC8DB72ACB2362004796E7 /* Assets.xcassets in Resources */ = {isa = PBXBuildFile; fileRef = 96BC8DB62ACB2362004796E7 /* Assets.xcassets */; };
		96BC8DBA2ACB2362004796E7 /* Preview Assets.xcassets in Resources */ = {isa = PBXBuildFile; fileRef = 96BC8DB92ACB2362004796E7 /* Preview Assets.xcassets */; };
		96BC8DC12ACB241B004796E7 /* E1_DoCatchTryThrowsBootcamp.swift in Sources */ = {isa = PBXBuildFile; fileRef = 96BC8DC02ACB241B004796E7 /* E1_DoCatchTryThrowsBootcamp.swift */; };
		96BC8DC32ACC7C95004796E7 /* Example_Main.swift in Sources */ = {isa = PBXBuildFile; fileRef = 96BC8DC22ACC7C95004796E7 /* Example_Main.swift */; };
		96BC8DC52ACDDCA8004796E7 /* E2_DownloadImageAsync.swift in Sources */ = {isa = PBXBuildFile; fileRef = 96BC8DC42ACDDCA8004796E7 /* E2_DownloadImageAsync.swift */; };
		96C92CF32AF40D91007FD91A /* E5_AsyncLetBootcamp.swift in Sources */ = {isa = PBXBuildFile; fileRef = 96C92CF22AF40D91007FD91A /* E5_AsyncLetBootcamp.swift */; };
		96ECEC402AFB43AF00727982 /* E8_StructClassActorBootcamp.swift in Sources */ = {isa = PBXBuildFile; fileRef = 96ECEC3F2AFB43AF00727982 /* E8_StructClassActorBootcamp.swift */; };
		96F769D42AD13EA100A5C43D /* E3_AsyncAwait.swift in Sources */ = {isa = PBXBuildFile; fileRef = 96F769D32AD13EA100A5C43D /* E3_AsyncAwait.swift */; };
/* End PBXBuildFile section */

/* Begin PBXFileReference section */
		964A3D602AF642BC00F2BD2D /* E6_TaskGroupBootcamp.swift */ = {isa = PBXFileReference; lastKnownFileType = sourcecode.swift; path = E6_TaskGroupBootcamp.swift; sourceTree = "<group>"; };
		966720832AED4DD2007DC3F5 /* E4_TaskBootcamp.swift */ = {isa = PBXFileReference; lastKnownFileType = sourcecode.swift; path = E4_TaskBootcamp.swift; sourceTree = "<group>"; };
		967C63D72AF9DB8E0069DD12 /* E7_CheckedContinuationBootcamp.swift */ = {isa = PBXFileReference; lastKnownFileType = sourcecode.swift; path = E7_CheckedContinuationBootcamp.swift; sourceTree = "<group>"; };
		96BC8DAF2ACB2361004796E7 /* Swift_Concurrency_Bootcamp.app */ = {isa = PBXFileReference; explicitFileType = wrapper.application; includeInIndex = 0; path = Swift_Concurrency_Bootcamp.app; sourceTree = BUILT_PRODUCTS_DIR; };
		96BC8DB22ACB2361004796E7 /* Swift_Concurrency_BootcampApp.swift */ = {isa = PBXFileReference; lastKnownFileType = sourcecode.swift; path = Swift_Concurrency_BootcampApp.swift; sourceTree = "<group>"; };
		96BC8DB42ACB2361004796E7 /* ContentView.swift */ = {isa = PBXFileReference; lastKnownFileType = sourcecode.swift; path = ContentView.swift; sourceTree = "<group>"; };
		96BC8DB62ACB2362004796E7 /* Assets.xcassets */ = {isa = PBXFileReference; lastKnownFileType = folder.assetcatalog; path = Assets.xcassets; sourceTree = "<group>"; };
		96BC8DB92ACB2362004796E7 /* Preview Assets.xcassets */ = {isa = PBXFileReference; lastKnownFileType = folder.assetcatalog; path = "Preview Assets.xcassets"; sourceTree = "<group>"; };
		96BC8DC02ACB241B004796E7 /* E1_DoCatchTryThrowsBootcamp.swift */ = {isa = PBXFileReference; lastKnownFileType = sourcecode.swift; path = E1_DoCatchTryThrowsBootcamp.swift; sourceTree = "<group>"; };
		96BC8DC22ACC7C95004796E7 /* Example_Main.swift */ = {isa = PBXFileReference; lastKnownFileType = sourcecode.swift; path = Example_Main.swift; sourceTree = "<group>"; };
		96BC8DC42ACDDCA8004796E7 /* E2_DownloadImageAsync.swift */ = {isa = PBXFileReference; lastKnownFileType = sourcecode.swift; path = E2_DownloadImageAsync.swift; sourceTree = "<group>"; };
		96C92CF22AF40D91007FD91A /* E5_AsyncLetBootcamp.swift */ = {isa = PBXFileReference; fileEncoding = 4; lastKnownFileType = sourcecode.swift; path = E5_AsyncLetBootcamp.swift; sourceTree = "<group>"; };
		96ECEC3F2AFB43AF00727982 /* E8_StructClassActorBootcamp.swift */ = {isa = PBXFileReference; lastKnownFileType = sourcecode.swift; path = E8_StructClassActorBootcamp.swift; sourceTree = "<group>"; };
		96F769D32AD13EA100A5C43D /* E3_AsyncAwait.swift */ = {isa = PBXFileReference; lastKnownFileType = sourcecode.swift; path = E3_AsyncAwait.swift; sourceTree = "<group>"; };
/* End PBXFileReference section */

/* Begin PBXFrameworksBuildPhase section */
		96BC8DAC2ACB2361004796E7 /* Frameworks */ = {
			isa = PBXFrameworksBuildPhase;
			buildActionMask = 2147483647;
			files = (
			);
			runOnlyForDeploymentPostprocessing = 0;
		};
/* End PBXFrameworksBuildPhase section */

/* Begin PBXGroup section */
		96BC8DA62ACB2361004796E7 = {
			isa = PBXGroup;
			children = (
				96BC8DB12ACB2361004796E7 /* Swift_Concurrency_Bootcamp */,
				96BC8DB02ACB2361004796E7 /* Products */,
			);
			sourceTree = "<group>";
		};
		96BC8DB02ACB2361004796E7 /* Products */ = {
			isa = PBXGroup;
			children = (
				96BC8DAF2ACB2361004796E7 /* Swift_Concurrency_Bootcamp.app */,
			);
			name = Products;
			sourceTree = "<group>";
		};
		96BC8DB12ACB2361004796E7 /* Swift_Concurrency_Bootcamp */ = {
			isa = PBXGroup;
			children = (
				96BC8DB22ACB2361004796E7 /* Swift_Concurrency_BootcampApp.swift */,
				96BC8DB42ACB2361004796E7 /* ContentView.swift */,
				96BC8DB62ACB2362004796E7 /* Assets.xcassets */,
				96BC8DB82ACB2362004796E7 /* Preview Content */,
				96BC8DC02ACB241B004796E7 /* E1_DoCatchTryThrowsBootcamp.swift */,
				96BC8DC42ACDDCA8004796E7 /* E2_DownloadImageAsync.swift */,
				96F769D32AD13EA100A5C43D /* E3_AsyncAwait.swift */,
				966720832AED4DD2007DC3F5 /* E4_TaskBootcamp.swift */,
				96C92CF22AF40D91007FD91A /* E5_AsyncLetBootcamp.swift */,
				964A3D602AF642BC00F2BD2D /* E6_TaskGroupBootcamp.swift */,
				967C63D72AF9DB8E0069DD12 /* E7_CheckedContinuationBootcamp.swift */,
				96ECEC3F2AFB43AF00727982 /* E8_StructClassActorBootcamp.swift */,
				96BC8DC22ACC7C95004796E7 /* Example_Main.swift */,
			);
			path = Swift_Concurrency_Bootcamp;
			sourceTree = "<group>";
		};
		96BC8DB82ACB2362004796E7 /* Preview Content */ = {
			isa = PBXGroup;
			children = (
				96BC8DB92ACB2362004796E7 /* Preview Assets.xcassets */,
			);
			path = "Preview Content";
			sourceTree = "<group>";
		};
/* End PBXGroup section */

/* Begin PBXNativeTarget section */
		96BC8DAE2ACB2361004796E7 /* Swift_Concurrency_Bootcamp */ = {
			isa = PBXNativeTarget;
			buildConfigurationList = 96BC8DBD2ACB2362004796E7 /* Build configuration list for PBXNativeTarget "Swift_Concurrency_Bootcamp" */;
			buildPhases = (
				96BC8DAB2ACB2361004796E7 /* Sources */,
				96BC8DAC2ACB2361004796E7 /* Frameworks */,
				96BC8DAD2ACB2361004796E7 /* Resources */,
			);
			buildRules = (
			);
			dependencies = (
			);
			name = Swift_Concurrency_Bootcamp;
			productName = Swift_Concurrency_Bootcamp;
			productReference = 96BC8DAF2ACB2361004796E7 /* Swift_Concurrency_Bootcamp.app */;
			productType = "com.apple.product-type.application";
		};
/* End PBXNativeTarget section */

/* Begin PBXProject section */
		96BC8DA72ACB2361004796E7 /* Project object */ = {
			isa = PBXProject;
			attributes = {
				BuildIndependentTargetsInParallel = 1;
				LastSwiftUpdateCheck = 1420;
				LastUpgradeCheck = 1420;
				TargetAttributes = {
					96BC8DAE2ACB2361004796E7 = {
						CreatedOnToolsVersion = 14.2;
					};
				};
			};
			buildConfigurationList = 96BC8DAA2ACB2361004796E7 /* Build configuration list for PBXProject "Swift_Concurrency_Bootcamp" */;
			compatibilityVersion = "Xcode 14.0";
			developmentRegion = en;
			hasScannedForEncodings = 0;
			knownRegions = (
				en,
				Base,
			);
			mainGroup = 96BC8DA62ACB2361004796E7;
			productRefGroup = 96BC8DB02ACB2361004796E7 /* Products */;
			projectDirPath = "";
			projectRoot = "";
			targets = (
				96BC8DAE2ACB2361004796E7 /* Swift_Concurrency_Bootcamp */,
			);
		};
/* End PBXProject section */

/* Begin PBXResourcesBuildPhase section */
		96BC8DAD2ACB2361004796E7 /* Resources */ = {
			isa = PBXResourcesBuildPhase;
			buildActionMask = 2147483647;
			files = (
				96BC8DBA2ACB2362004796E7 /* Preview Assets.xcassets in Resources */,
				96BC8DB72ACB2362004796E7 /* Assets.xcassets in Resources */,
			);
			runOnlyForDeploymentPostprocessing = 0;
		};
/* End PBXResourcesBuildPhase section */

/* Begin PBXSourcesBuildPhase section */
		96BC8DAB2ACB2361004796E7 /* Sources */ = {
			isa = PBXSourcesBuildPhase;
			buildActionMask = 2147483647;
			files = (
				96BC8DB52ACB2361004796E7 /* ContentView.swift in Sources */,
				967C63D82AF9DB8E0069DD12 /* E7_CheckedContinuationBootcamp.swift in Sources */,
				96ECEC402AFB43AF00727982 /* E8_StructClassActorBootcamp.swift in Sources */,
				96BC8DC52ACDDCA8004796E7 /* E2_DownloadImageAsync.swift in Sources */,
				96BC8DC32ACC7C95004796E7 /* Example_Main.swift in Sources */,
				96F769D42AD13EA100A5C43D /* E3_AsyncAwait.swift in Sources */,
				964A3D612AF642BC00F2BD2D /* E6_TaskGroupBootcamp.swift in Sources */,
				96C92CF32AF40D91007FD91A /* E5_AsyncLetBootcamp.swift in Sources */,
				96BC8DB32ACB2361004796E7 /* Swift_Concurrency_BootcampApp.swift in Sources */,
				966720842AED4DD2007DC3F5 /* E4_TaskBootcamp.swift in Sources */,
				96BC8DC12ACB241B004796E7 /* E1_DoCatchTryThrowsBootcamp.swift in Sources */,
			);
			runOnlyForDeploymentPostprocessing = 0;
		};
/* End PBXSourcesBuildPhase section */

/* Begin XCBuildConfiguration section */
		96BC8DBB2ACB2362004796E7 /* Debug */ = {
			isa = XCBuildConfiguration;
			buildSettings = {
				ALWAYS_SEARCH_USER_PATHS = NO;
				CLANG_ANALYZER_NONNULL = YES;
				CLANG_ANALYZER_NUMBER_OBJECT_CONVERSION = YES_AGGRESSIVE;
				CLANG_CXX_LANGUAGE_STANDARD = "gnu++20";
				CLANG_ENABLE_MODULES = YES;
				CLANG_ENABLE_OBJC_ARC = YES;
				CLANG_ENABLE_OBJC_WEAK = YES;
				CLANG_WARN_BLOCK_CAPTURE_AUTORELEASING = YES;
				CLANG_WARN_BOOL_CONVERSION = YES;
				CLANG_WARN_COMMA = YES;
				CLANG_WARN_CONSTANT_CONVERSION = YES;
				CLANG_WARN_DEPRECATED_OBJC_IMPLEMENTATIONS = YES;
				CLANG_WARN_DIRECT_OBJC_ISA_USAGE = YES_ERROR;
				CLANG_WARN_DOCUMENTATION_COMMENTS = YES;
				CLANG_WARN_EMPTY_BODY = YES;
				CLANG_WARN_ENUM_CONVERSION = YES;
				CLANG_WARN_INFINITE_RECURSION = YES;
				CLANG_WARN_INT_CONVERSION = YES;
				CLANG_WARN_NON_LITERAL_NULL_CONVERSION = YES;
				CLANG_WARN_OBJC_IMPLICIT_RETAIN_SELF = YES;
				CLANG_WARN_OBJC_LITERAL_CONVERSION = YES;
				CLANG_WARN_OBJC_ROOT_CLASS = YES_ERROR;
				CLANG_WARN_QUOTED_INCLUDE_IN_FRAMEWORK_HEADER = YES;
				CLANG_WARN_RANGE_LOOP_ANALYSIS = YES;
				CLANG_WARN_STRICT_PROTOTYPES = YES;
				CLANG_WARN_SUSPICIOUS_MOVE = YES;
				CLANG_WARN_UNGUARDED_AVAILABILITY = YES_AGGRESSIVE;
				CLANG_WARN_UNREACHABLE_CODE = YES;
				CLANG_WARN__DUPLICATE_METHOD_MATCH = YES;
				COPY_PHASE_STRIP = NO;
				DEBUG_INFORMATION_FORMAT = dwarf;
				ENABLE_STRICT_OBJC_MSGSEND = YES;
				ENABLE_TESTABILITY = YES;
				GCC_C_LANGUAGE_STANDARD = gnu11;
				GCC_DYNAMIC_NO_PIC = NO;
				GCC_NO_COMMON_BLOCKS = YES;
				GCC_OPTIMIZATION_LEVEL = 0;
				GCC_PREPROCESSOR_DEFINITIONS = (
					"DEBUG=1",
					"$(inherited)",
				);
				GCC_WARN_64_TO_32_BIT_CONVERSION = YES;
				GCC_WARN_ABOUT_RETURN_TYPE = YES_ERROR;
				GCC_WARN_UNDECLARED_SELECTOR = YES;
				GCC_WARN_UNINITIALIZED_AUTOS = YES_AGGRESSIVE;
				GCC_WARN_UNUSED_FUNCTION = YES;
				GCC_WARN_UNUSED_VARIABLE = YES;
				IPHONEOS_DEPLOYMENT_TARGET = 16.2;
				MTL_ENABLE_DEBUG_INFO = INCLUDE_SOURCE;
				MTL_FAST_MATH = YES;
				ONLY_ACTIVE_ARCH = YES;
				SDKROOT = iphoneos;
				SWIFT_ACTIVE_COMPILATION_CONDITIONS = DEBUG;
				SWIFT_OPTIMIZATION_LEVEL = "-Onone";
			};
			name = Debug;
		};
		96BC8DBC2ACB2362004796E7 /* Release */ = {
			isa = XCBuildConfiguration;
			buildSettings = {
				ALWAYS_SEARCH_USER_PATHS = NO;
				CLANG_ANALYZER_NONNULL = YES;
				CLANG_ANALYZER_NUMBER_OBJECT_CONVERSION = YES_AGGRESSIVE;
				CLANG_CXX_LANGUAGE_STANDARD = "gnu++20";
				CLANG_ENABLE_MODULES = YES;
				CLANG_ENABLE_OBJC_ARC = YES;
				CLANG_ENABLE_OBJC_WEAK = YES;
				CLANG_WARN_BLOCK_CAPTURE_AUTORELEASING = YES;
				CLANG_WARN_BOOL_CONVERSION = YES;
				CLANG_WARN_COMMA = YES;
				CLANG_WARN_CONSTANT_CONVERSION = YES;
				CLANG_WARN_DEPRECATED_OBJC_IMPLEMENTATIONS = YES;
				CLANG_WARN_DIRECT_OBJC_ISA_USAGE = YES_ERROR;
				CLANG_WARN_DOCUMENTATION_COMMENTS = YES;
				CLANG_WARN_EMPTY_BODY = YES;
				CLANG_WARN_ENUM_CONVERSION = YES;
				CLANG_WARN_INFINITE_RECURSION = YES;
				CLANG_WARN_INT_CONVERSION = YES;
				CLANG_WARN_NON_LITERAL_NULL_CONVERSION = YES;
				CLANG_WARN_OBJC_IMPLICIT_RETAIN_SELF = YES;
				CLANG_WARN_OBJC_LITERAL_CONVERSION = YES;
				CLANG_WARN_OBJC_ROOT_CLASS = YES_ERROR;
				CLANG_WARN_QUOTED_INCLUDE_IN_FRAMEWORK_HEADER = YES;
				CLANG_WARN_RANGE_LOOP_ANALYSIS = YES;
				CLANG_WARN_STRICT_PROTOTYPES = YES;
				CLANG_WARN_SUSPICIOUS_MOVE = YES;
				CLANG_WARN_UNGUARDED_AVAILABILITY = YES_AGGRESSIVE;
				CLANG_WARN_UNREACHABLE_CODE = YES;
				CLANG_WARN__DUPLICATE_METHOD_MATCH = YES;
				COPY_PHASE_STRIP = NO;
				DEBUG_INFORMATION_FORMAT = "dwarf-with-dsym";
				ENABLE_NS_ASSERTIONS = NO;
				ENABLE_STRICT_OBJC_MSGSEND = YES;
				GCC_C_LANGUAGE_STANDARD = gnu11;
				GCC_NO_COMMON_BLOCKS = YES;
				GCC_WARN_64_TO_32_BIT_CONVERSION = YES;
				GCC_WARN_ABOUT_RETURN_TYPE = YES_ERROR;
				GCC_WARN_UNDECLARED_SELECTOR = YES;
				GCC_WARN_UNINITIALIZED_AUTOS = YES_AGGRESSIVE;
				GCC_WARN_UNUSED_FUNCTION = YES;
				GCC_WARN_UNUSED_VARIABLE = YES;
				IPHONEOS_DEPLOYMENT_TARGET = 16.2;
				MTL_ENABLE_DEBUG_INFO = NO;
				MTL_FAST_MATH = YES;
				SDKROOT = iphoneos;
				SWIFT_COMPILATION_MODE = wholemodule;
				SWIFT_OPTIMIZATION_LEVEL = "-O";
				VALIDATE_PRODUCT = YES;
			};
			name = Release;
		};
		96BC8DBE2ACB2362004796E7 /* Debug */ = {
			isa = XCBuildConfiguration;
			buildSettings = {
				ASSETCATALOG_COMPILER_APPICON_NAME = AppIcon;
				ASSETCATALOG_COMPILER_GLOBAL_ACCENT_COLOR_NAME = AccentColor;
				CODE_SIGN_STYLE = Automatic;
				CURRENT_PROJECT_VERSION = 1;
				DEVELOPMENT_ASSET_PATHS = "\"Swift_Concurrency_Bootcamp/Preview Content\"";
				ENABLE_PREVIEWS = YES;
				GENERATE_INFOPLIST_FILE = YES;
				INFOPLIST_KEY_UIApplicationSceneManifest_Generation = YES;
				INFOPLIST_KEY_UIApplicationSupportsIndirectInputEvents = YES;
				INFOPLIST_KEY_UILaunchScreen_Generation = YES;
				INFOPLIST_KEY_UISupportedInterfaceOrientations_iPad = "UIInterfaceOrientationPortrait UIInterfaceOrientationPortraitUpsideDown UIInterfaceOrientationLandscapeLeft UIInterfaceOrientationLandscapeRight";
				INFOPLIST_KEY_UISupportedInterfaceOrientations_iPhone = "UIInterfaceOrientationPortrait UIInterfaceOrientationLandscapeLeft UIInterfaceOrientationLandscapeRight";
				LD_RUNPATH_SEARCH_PATHS = (
					"$(inherited)",
					"@executable_path/Frameworks",
				);
				MARKETING_VERSION = 1.0;
				PRODUCT_BUNDLE_IDENTIFIER = "com.testProjects.Swift-Concurrency-Bootcamp";
				PRODUCT_NAME = "$(TARGET_NAME)";
				SWIFT_EMIT_LOC_STRINGS = YES;
				SWIFT_VERSION = 5.0;
				TARGETED_DEVICE_FAMILY = "1,2";
			};
			name = Debug;
		};
		96BC8DBF2ACB2362004796E7 /* Release */ = {
			isa = XCBuildConfiguration;
			buildSettings = {
				ASSETCATALOG_COMPILER_APPICON_NAME = AppIcon;
				ASSETCATALOG_COMPILER_GLOBAL_ACCENT_COLOR_NAME = AccentColor;
				CODE_SIGN_STYLE = Automatic;
				CURRENT_PROJECT_VERSION = 1;
				DEVELOPMENT_ASSET_PATHS = "\"Swift_Concurrency_Bootcamp/Preview Content\"";
				ENABLE_PREVIEWS = YES;
				GENERATE_INFOPLIST_FILE = YES;
				INFOPLIST_KEY_UIApplicationSceneManifest_Generation = YES;
				INFOPLIST_KEY_UIApplicationSupportsIndirectInputEvents = YES;
				INFOPLIST_KEY_UILaunchScreen_Generation = YES;
				INFOPLIST_KEY_UISupportedInterfaceOrientations_iPad = "UIInterfaceOrientationPortrait UIInterfaceOrientationPortraitUpsideDown UIInterfaceOrientationLandscapeLeft UIInterfaceOrientationLandscapeRight";
				INFOPLIST_KEY_UISupportedInterfaceOrientations_iPhone = "UIInterfaceOrientationPortrait UIInterfaceOrientationLandscapeLeft UIInterfaceOrientationLandscapeRight";
				LD_RUNPATH_SEARCH_PATHS = (
					"$(inherited)",
					"@executable_path/Frameworks",
				);
				MARKETING_VERSION = 1.0;
				PRODUCT_BUNDLE_IDENTIFIER = "com.testProjects.Swift-Concurrency-Bootcamp";
				PRODUCT_NAME = "$(TARGET_NAME)";
				SWIFT_EMIT_LOC_STRINGS = YES;
				SWIFT_VERSION = 5.0;
				TARGETED_DEVICE_FAMILY = "1,2";
			};
			name = Release;
		};
/* End XCBuildConfiguration section */

/* Begin XCConfigurationList section */
		96BC8DAA2ACB2361004796E7 /* Build configuration list for PBXProject "Swift_Concurrency_Bootcamp" */ = {
			isa = XCConfigurationList;
			buildConfigurations = (
				96BC8DBB2ACB2362004796E7 /* Debug */,
				96BC8DBC2ACB2362004796E7 /* Release */,
			);
			defaultConfigurationIsVisible = 0;
			defaultConfigurationName = Release;
		};
		96BC8DBD2ACB2362004796E7 /* Build configuration list for PBXNativeTarget "Swift_Concurrency_Bootcamp" */ = {
			isa = XCConfigurationList;
			buildConfigurations = (
				96BC8DBE2ACB2362004796E7 /* Debug */,
				96BC8DBF2ACB2362004796E7 /* Release */,
			);
			defaultConfigurationIsVisible = 0;
			defaultConfigurationName = Release;
		};
/* End XCConfigurationList section */
	};
	rootObject = 96BC8DA72ACB2361004796E7 /* Project object */;
}
